
Microsoft Visual Studio Solution File, Format Version 11.00
# Visual Studio 2010
Project("{FAE04EC0-301F-11D3-BF4B-00C04F79EFBC}") = "AutoComplete", "AutoComplete\AutoComplete.csproj", "{23CE372F-5830-495D-9FD4-E81D24F31D4E}"
EndProject
Global
	GlobalSection(SolutionConfigurationPlatforms) = preSolution
		Debug|Any CPU = Debug|Any CPU
		Release|Any CPU = Release|Any CPU
	EndGlobalSection
	GlobalSection(ProjectConfigurationPlatforms) = postSolution
		{23CE372F-5830-495D-9FD4-E81D24F31D4E}.Debug|Any CPU.ActiveCfg = Debug|Any CPU
		{23CE372F-5830-495D-9FD4-E81D24F31D4E}.Debug|Any CPU.Build.0 = Debug|Any CPU
		{23CE372F-5830-495D-9FD4-E81D24F31D4E}.Release|Any CPU.ActiveCfg = Release|Any CPU
		{23CE372F-5830-495D-9FD4-E81D24F31D4E}.Release|Any CPU.Build.0 = Release|Any CPU
	EndGlobalSection
	GlobalSection(MonoDevelopProperties) = preSolution
		StartupItem = AutoComplete\AutoComplete.csproj
	EndGlobalSection
EndGlobal
